
Microsoft Visual Studio Solution File, Format Version 12.00
# Visual Studio Version 17
VisualStudioVersion = 17.5.33414.496
MinimumVisualStudioVersion = 10.0.40219.1
Project("{FAE04EC0-301F-11D3-BF4B-00C04F79EFBC}") = "Module17.Homework", "Module17.Homework.csproj", "{22F88724-F91F-4D80-A03C-F8F46648625F}"
EndProject
Global
	GlobalSection(SolutionConfigurationPlatforms) = preSolution
		Debug|Any CPU = Debug|Any CPU
		Release|Any CPU = Release|Any CPU
	EndGlobalSection
	GlobalSection(ProjectConfigurationPlatforms) = postSolution
		{22F88724-F91F-4D80-A03C-F8F46648625F}.Debug|Any CPU.ActiveCfg = Debug|Any CPU
		{22F88724-F91F-4D80-A03C-F8F46648625F}.Debug|Any CPU.Build.0 = Debug|Any CPU
		{22F88724-F91F-4D80-A03C-F8F46648625F}.Release|Any CPU.ActiveCfg = Release|Any CPU
		{22F88724-F91F-4D80-A03C-F8F46648625F}.Release|Any CPU.Build.0 = Release|Any CPU
	EndGlobalSection
	GlobalSection(SolutionProperties) = preSolution
		HideSolutionNode = FALSE
	EndGlobalSection
	GlobalSection(ExtensibilityGlobals) = postSolution
		SolutionGuid = {5F7C1D78-7ECD-4587-A7AA-9FC99C6F2C5D}
	EndGlobalSection
EndGlobal
